{
  "name": "@agile-team/wl-skills-bd",
  "version": "0.17.5",
  "lockfileVersion": 3,
  "requires": true,
  "packages": {
    "": {
      "name": "@agile-team/wl-skills-bd",
      "version": "0.17.5",
      "license": "UNLICENSED",
      "bin": {
        "wl-skills-bd": "bin/wl-skills-bd.js"
      },
      "engines": {
        "node": ">=22"
      }
    }
  }
}
